version: 7
platforms:
- name: linux-64
  virtual-packages:
  - __unix=0=0
  - __linux=4.18
  - __glibc=2.28
  - __archspec=0=x86_64
environments:
  default:
    channels:
    - url: https://conda.anaconda.org/nvidia/
    - url: https://conda.anaconda.org/conda-forge/
    packages:
      linux-64:
      - conda: https://conda.anaconda.org/conda-forge/linux-64/_openmp_mutex-4.5-20_gnu.conda
      - conda: https://conda.anaconda.org/conda-forge/linux-64/binutils_impl_linux-64-2.46.1-default_hfdba357_102.conda
      - conda: https://conda.anaconda.org/conda-forge/linux-64/conda-gcc-specs-13.4.0-h109b0d3_19.conda
      - conda: https://conda.anaconda.org/conda-forge/linux-64/gcc-13.4.0-h0dff253_19.conda
      - conda: https://conda.anaconda.org/conda-forge/linux-64/gcc_impl_linux-64-13.4.0-h23e9d51_19.conda
      - conda: https://conda.anaconda.org/conda-forge/linux-64/gxx-13.4.0-h76987e4_19.conda
      - conda: https://conda.anaconda.org/conda-forge/linux-64/gxx_impl_linux-64-13.4.0-h6a38259_19.conda
      - conda: https://conda.anaconda.org/conda-forge/linux-64/ld_impl_linux-64-2.46.1-default_hbd61a6d_102.conda
      - conda: https://conda.anaconda.org/conda-forge/linux-64/libgcc-15.2.0-he0feb66_19.conda
      - conda: https://conda.anaconda.org/conda-forge/linux-64/libgcc-ng-15.2.0-h69a702a_19.conda
      - conda: https://conda.anaconda.org/conda-forge/linux-64/libgomp-15.2.0-he0feb66_19.conda
      - conda: https://conda.anaconda.org/conda-forge/linux-64/libsanitizer-13.4.0-h2a15e64_19.conda
      - conda: https://conda.anaconda.org/conda-forge/linux-64/libstdcxx-15.2.0-h934c35e_19.conda
      - conda: https://conda.anaconda.org/conda-forge/linux-64/libstdcxx-ng-15.2.0-hdf11a46_19.conda
      - conda: https://conda.anaconda.org/conda-forge/linux-64/libzlib-1.3.2-h25fd6f3_2.conda
      - conda: https://conda.anaconda.org/conda-forge/linux-64/make-4.4.1-hb9d3cd8_2.conda
      - conda: https://conda.anaconda.org/conda-forge/linux-64/pkg-config-0.29.2-h4bc722e_1009.conda
      - conda: https://conda.anaconda.org/conda-forge/linux-64/zstd-1.5.7-hb78ec9c_6.conda
      - conda: https://conda.anaconda.org/conda-forge/noarch/cuda-version-12.4-h3060b56_3.conda
      - conda: https://conda.anaconda.org/conda-forge/noarch/kernel-headers_linux-64-4.18.0-he073ed8_9.conda
      - conda: https://conda.anaconda.org/conda-forge/noarch/libgcc-devel_linux-64-13.4.0-hd1d28cc_119.conda
      - conda: https://conda.anaconda.org/conda-forge/noarch/libstdcxx-devel_linux-64-13.4.0-h6963c3b_119.conda
      - conda: https://conda.anaconda.org/conda-forge/noarch/sysroot_linux-64-2.28-h4ee821c_9.conda
      - conda: https://conda.anaconda.org/conda-forge/noarch/tzdata-2026c-h151e31d_0.conda
      - conda: https://conda.anaconda.org/nvidia/linux-64/cuda-nvrtc-12.4.127-0.tar.bz2
      - conda: https://conda.anaconda.org/nvidia/linux-64/cudnn-9.14.0.64-h321a1a8_0.conda
      - conda: https://conda.anaconda.org/nvidia/linux-64/libcublas-12.4.5.8-0.tar.bz2
      - conda: https://conda.anaconda.org/nvidia/linux-64/libcudnn-9.14.0.64-hf94a4fa_0.conda
      - conda: https://conda.anaconda.org/nvidia/linux-64/libcudnn-dev-9.14.0.64-h321a1a8_0.conda
      - conda: https://conda.anaconda.org/nvidia/linux-64/nccl-2.30.7-he02bfcb_0.conda
packages:
- conda: https://conda.anaconda.org/conda-forge/linux-64/_openmp_mutex-4.5-20_gnu.conda
  build_number: 20
  sha256: 1dd3fffd892081df9726d7eb7e0dea6198962ba775bd88842135a4ddb4deb3c9
  md5: a9f577daf3de00bca7c3c76c0ecbd1de
  depends:
  - __glibc >=2.17,<3.0.a0
  - libgomp >=7.5.0
  constrains:
  - openmp_impl <0.0a0
  license: BSD-3-Clause
  license_family: BSD
  run_exports:
    strong:
    - _openmp_mutex >=4.5
  size: 28948
  timestamp: 1770939786096
- conda: https://conda.anaconda.org/conda-forge/linux-64/binutils_impl_linux-64-2.46.1-default_hfdba357_102.conda
  sha256: fb7bf36984a37ce7e4714d1d1da0bd0e3bfc679520f5cdc184afc676fd4b5da2
  md5: a0c5e0b7f58c8ceeb08e5bc41251d5a2
  depends:
  - ld_impl_linux-64 2.46.1 default_hbd61a6d_102
  - sysroot_linux-64
  - zstd >=1.5.7,<1.6.0a0
  license: GPL-3.0-only
  license_family: GPL
  run_exports: {}
  size: 3713752
  timestamp: 1784214522814
- conda: https://conda.anaconda.org/conda-forge/linux-64/conda-gcc-specs-13.4.0-h109b0d3_19.conda
  sha256: bab6124cf8e8fa3161caedfc1b6654de7e64176618aebae8a3cca3d186efb865
  md5: e0b8383f402bcfef4b96d25c2c25884f
  depends:
  - gcc_impl_linux-64 >=13.4.0,<13.4.1.0a0
  license: GPL-3.0-only WITH GCC-exception-3.1
  license_family: GPL
  run_exports: {}
  size: 31765
  timestamp: 1778268619101
- conda: https://conda.anaconda.org/conda-forge/linux-64/gcc-13.4.0-h0dff253_19.conda
  sha256: 814fce48b3b16736cc46e76fab2be8736f876915327af4df5febb1de1758c0ad
  md5: df630a4b8f5d5e2d79b7462cf56d3d4e
  depends:
  - conda-gcc-specs
  - gcc_impl_linux-64 13.4.0 h23e9d51_19
  license: BSD-3-Clause
  license_family: BSD
  run_exports: {}
  size: 29532
  timestamp: 1778268742120
- conda: https://conda.anaconda.org/conda-forge/linux-64/gcc_impl_linux-64-13.4.0-h23e9d51_19.conda
  sha256: 969afbf778972217196898a754e87cb1ac308fae55f438953f54c19bfb9e9978
  md5: 93db874c77154bf07b175a42babf7fee
  depends:
  - binutils_impl_linux-64 >=2.45
  - libgcc >=13.4.0
  - libgcc-devel_linux-64 13.4.0 hd1d28cc_119
  - libgomp >=13.4.0
  - libsanitizer 13.4.0 h2a15e64_19
  - libstdcxx >=13.4.0
  - libstdcxx-devel_linux-64 13.4.0 h6963c3b_119
  - sysroot_linux-64
  license: GPL-3.0-only WITH GCC-exception-3.1
  license_family: GPL
  run_exports: {}
  size: 71353567
  timestamp: 1778268462294
- conda: https://conda.anaconda.org/conda-forge/linux-64/gxx-13.4.0-h76987e4_19.conda
  sha256: d038c627bc2f468b475921aa4ed953fbe79735c8029398e842dc0fe7be8d7097
  md5: d27b9e2ed71081bbe5a0fb523cf39cbc
  depends:
  - gcc 13.4.0 h0dff253_19
  - gxx_impl_linux-64 13.4.0 h6a38259_19
  license: BSD-3-Clause
  license_family: BSD
  run_exports: {}
  size: 28997
  timestamp: 1778268759628
- conda: https://conda.anaconda.org/conda-forge/linux-64/gxx_impl_linux-64-13.4.0-h6a38259_19.conda
  sha256: 74f1f4eb752ffb6ecf7fc78fefe151f57ab9814cb70023ae039bf5302582c544
  md5: 2774228fa14a0ca1c93f0ecebe6a02f8
  depends:
  - gcc_impl_linux-64 13.4.0 h23e9d51_19
  - libstdcxx-devel_linux-64 13.4.0 h6963c3b_119
  - sysroot_linux-64
  - tzdata
  license: GPL-3.0-only WITH GCC-exception-3.1
  license_family: GPL
  run_exports: {}
  size: 13351145
  timestamp: 1778268708869
- conda: https://conda.anaconda.org/conda-forge/linux-64/ld_impl_linux-64-2.46.1-default_hbd61a6d_102.conda
  sha256: 27d83f1188cd19bcb7754a078b3fa7f4cfb8527f8eb2fde54dd01fc529d1adec
  md5: 449500f2c089da11c40f5c21312e3e07
  depends:
  - __glibc >=2.17,<3.0.a0
  - zstd >=1.5.7,<1.6.0a0
  constrains:
  - binutils_impl_linux-64 2.46.1
  license: GPL-3.0-only
  license_family: GPL
  run_exports: {}
  size: 745303
  timestamp: 1784214507189
- conda: https://conda.anaconda.org/conda-forge/linux-64/libgcc-15.2.0-he0feb66_19.conda
  sha256: 8e0a3b5e41272e5678499b5dfc4cddb673f9e935de01eb0767ce857001229f46
  md5: 57736f29cc2b0ec0b6c2952d3f101b6a
  depends:
  - __glibc >=2.17,<3.0.a0
  - _openmp_mutex >=4.5
  constrains:
  - libgcc-ng ==15.2.0=*_19
  - libgomp 15.2.0 he0feb66_19
  license: GPL-3.0-only WITH GCC-exception-3.1
  license_family: GPL
  run_exports: {}
  size: 1041084
  timestamp: 1778269013026
- conda: https://conda.anaconda.org/conda-forge/linux-64/libgcc-ng-15.2.0-h69a702a_19.conda
  sha256: 9dcf54adfaa5e861123c2da4f2f0451a685464ea7e5a41ad91cf67b31d658d98
  md5: 331ee9b72b9dff570d56b1302c5ab37d
  depends:
  - libgcc 15.2.0 he0feb66_19
  license: GPL-3.0-only WITH GCC-exception-3.1
  license_family: GPL
  run_exports:
    strong:
    - libgcc
  size: 27694
  timestamp: 1778269016987
- conda: https://conda.anaconda.org/conda-forge/linux-64/libgomp-15.2.0-he0feb66_19.conda
  sha256: 5abe4ab9d93f6c9757d654f1969ae2267d4505315c1f2f8fe705fd60af084f1b
  md5: faac990cb7aedc7f3a2224f2c9b0c26c
  depends:
  - __glibc >=2.17,<3.0.a0
  license: GPL-3.0-only WITH GCC-exception-3.1
  license_family: GPL
  run_exports:
    strong:
    - _openmp_mutex >=4.5
  size: 603817
  timestamp: 1778268942614
- conda: https://conda.anaconda.org/conda-forge/linux-64/libsanitizer-13.4.0-h2a15e64_19.conda
  sha256: f000bf51242f212b667e73d80f49cf7e577acdf09eea89bf85efc6f9826a85d3
  md5: c35385bcbc9c5b95e2b85723092b3f14
  depends:
  - __glibc >=2.17,<3.0.a0
  - libgcc >=13.4.0
  - libstdcxx >=13.4.0
  license: GPL-3.0-only WITH GCC-exception-3.1
  license_family: GPL
  run_exports:
    weak:
    - libsanitizer 13.4.0
  size: 6488034
  timestamp: 1778268406862
- conda: https://conda.anaconda.org/conda-forge/linux-64/libstdcxx-15.2.0-h934c35e_19.conda
  sha256: dff1058c76ec6b8759e41cefa2508162d00e4a5e6721aa68ec3fd10094e702dc
  md5: 5794b3bdc38177caf969dabd3af08549
  depends:
  - __glibc >=2.17,<3.0.a0
  - libgcc 15.2.0 he0feb66_19
  constrains:
  - libstdcxx-ng ==15.2.0=*_19
  license: GPL-3.0-only WITH GCC-exception-3.1
  license_family: GPL
  run_exports: {}
  size: 5852044
  timestamp: 1778269036376
- conda: https://conda.anaconda.org/conda-forge/linux-64/libstdcxx-ng-15.2.0-hdf11a46_19.conda
  sha256: 0672b6b6e1791c92e8eccad58081a99d614fcf82bca5841f9dfa3c3e658f83b9
  md5: e5ce228e579726c07255dbf90dc62101
  depends:
  - libstdcxx 15.2.0 h934c35e_19
  license: GPL-3.0-only WITH GCC-exception-3.1
  license_family: GPL
  run_exports:
    strong:
    - libstdcxx
  size: 27776
  timestamp: 1778269074600
- conda: https://conda.anaconda.org/conda-forge/linux-64/libzlib-1.3.2-h25fd6f3_2.conda
  sha256: 55044c403570f0dc26e6364de4dc5368e5f3fc7ff103e867c487e2b5ab2bcda9
  md5: d87ff7921124eccd67248aa483c23fec
  depends:
  - __glibc >=2.17,<3.0.a0
  constrains:
  - zlib 1.3.2 *_2
  license: Zlib
  license_family: Other
  run_exports:
    weak:
    - libzlib >=1.3.2,<2.0a0
  size: 63629
  timestamp: 1774072609062
- conda: https://conda.anaconda.org/conda-forge/linux-64/make-4.4.1-hb9d3cd8_2.conda
  sha256: d652c7bd4d3b6f82b0f6d063b0d8df6f54cc47531092d7ff008e780f3261bdda
  md5: 33405d2a66b1411db9f7242c8b97c9e7
  depends:
  - __glibc >=2.17,<3.0.a0
  - libgcc >=13
  license: GPL-3.0-or-later
  license_family: GPL
  run_exports: {}
  size: 513088
  timestamp: 1727801714848
- conda: https://conda.anaconda.org/conda-forge/linux-64/pkg-config-0.29.2-h4bc722e_1009.conda
  sha256: c9601efb1af5391317e04eca77c6fe4d716bf1ca1ad8da2a05d15cb7c28d7d4e
  md5: 1bee70681f504ea424fb07cdb090c001
  depends:
  - __glibc >=2.17,<3.0.a0
  - libgcc-ng >=12
  license: GPL-2.0-or-later
  license_family: GPL
  run_exports: {}
  size: 115175
  timestamp: 1720805894943
- conda: https://conda.anaconda.org/conda-forge/linux-64/zstd-1.5.7-hb78ec9c_6.conda
  sha256: 68f0206ca6e98fea941e5717cec780ed2873ffabc0e1ed34428c061e2c6268c7
  md5: 4a13eeac0b5c8e5b8ab496e6c4ddd829
  depends:
  - __glibc >=2.17,<3.0.a0
  - libzlib >=1.3.1,<2.0a0
  license: BSD-3-Clause
  license_family: BSD
  run_exports:
    weak:
    - zstd >=1.5.7,<1.6.0a0
  size: 601375
  timestamp: 1764777111296
- conda: https://conda.anaconda.org/conda-forge/noarch/cuda-version-12.4-h3060b56_3.conda
  sha256: 571d32fbd0dc8df6e85c14d1757549927e272af9c70b935d7e3a553ab0b0b4da
  md5: c9a3fe8b957176e1a8452c6f3431b0d8
  constrains:
  - cudatoolkit 12.4|12.4.*
  - __cuda >=12
  license: LicenseRef-NVIDIA-End-User-License-Agreement
  run_exports: {}
  size: 21022
  timestamp: 1709765922936
- conda: https://conda.anaconda.org/conda-forge/noarch/kernel-headers_linux-64-4.18.0-he073ed8_9.conda
  sha256: 41557eeadf641de6aeae49486cef30d02a6912d8da98585d687894afd65b356a
  md5: 86d9cba083cd041bfbf242a01a7a1999
  constrains:
  - sysroot_linux-64 ==2.28
  license: LGPL-2.0-or-later AND LGPL-2.0-or-later WITH exceptions AND GPL-2.0-or-later
  license_family: GPL
  run_exports: {}
  size: 1278712
  timestamp: 1765578681495
- conda: https://conda.anaconda.org/conda-forge/noarch/libgcc-devel_linux-64-13.4.0-hd1d28cc_119.conda
  sha256: 12630c2c0e51af1c42539a0323aa0be8e4639e25a57d0bd9fb726c30a17a1239
  md5: 4c3da8bc5dbaf231a4ec33c966755290
  depends:
  - __unix
  license: GPL-3.0-only WITH GCC-exception-3.1
  license_family: GPL
  run_exports: {}
  size: 2838693
  timestamp: 1778268273712
- conda: https://conda.anaconda.org/conda-forge/noarch/libstdcxx-devel_linux-64-13.4.0-h6963c3b_119.conda
  sha256: d2ac1966ebeeeae721627bf25b561ea33a9ef0ba74da171d9aedba8cc1c89532
  md5: 1292e4ee9b779efd413b31ece5ab2257
  depends:
  - __unix
  license: GPL-3.0-only WITH GCC-exception-3.1
  license_family: GPL
  run_exports: {}
  size: 19085855
  timestamp: 1778268297080
- conda: https://conda.anaconda.org/conda-forge/noarch/sysroot_linux-64-2.28-h4ee821c_9.conda
  sha256: c47299fe37aebb0fcf674b3be588e67e4afb86225be4b0d452c7eb75c086b851
  md5: 13dc3adbc692664cd3beabd216434749
  depends:
  - __glibc >=2.28
  - kernel-headers_linux-64 4.18.0 he073ed8_9
  - tzdata
  license: LGPL-2.0-or-later AND LGPL-2.0-or-later WITH exceptions AND GPL-2.0-or-later
  license_family: GPL
  run_exports:
    strong:
    - __glibc >=2.28,<3.0.a0
  size: 24008591
  timestamp: 1765578833462
- conda: https://conda.anaconda.org/conda-forge/noarch/tzdata-2026c-h151e31d_0.conda
  sha256: b928c30ddcb0e3f544c6eade8352737e6e610e263276b90232db6a578ef899d8
  md5: fcb489df604d100968b737f2cb6076c6
  license: LicenseRef-Public-Domain
  run_exports: {}
  size: 118849
  timestamp: 1784250406640
- conda: https://conda.anaconda.org/nvidia/linux-64/cuda-nvrtc-12.4.127-0.tar.bz2
  sha256: 14e20e2692104d95987f991faebffba62d4292b8f3cdd17fe1a2165b9a2146c9
  md5: d4d0da7490723dabe3d5f985ef4a963a
  run_exports: {}
  size: 22048402
  timestamp: 1710544297651
- conda: https://conda.anaconda.org/nvidia/linux-64/cudnn-9.14.0.64-h321a1a8_0.conda
  sha256: 99640a03b0ad0dbcb56a861b61b3e7562faf4cde3cd3b1c84931d3731900bf0b
  md5: 6877162da8149a60652696fdd42c5c42
  depends:
  - __glibc >=2.28,<3.0.a0
  - cuda-version >=12,<13.0a0
  - libcudnn-dev 9.14.0.64 h321a1a8_0
  - libgcc-ng >=11.2.0
  - libstdcxx-ng >=11.2.0
  constrains:
  - cudnn-jit <0a
  license: LicenseRef-cuDNN-Software-License-Agreement
  run_exports:
    weak:
    - cudnn >=9.14.0.64,<10.0a0
  size: 13345
  timestamp: 1759955612217
- conda: https://conda.anaconda.org/nvidia/linux-64/libcublas-12.4.5.8-0.tar.bz2
  sha256: 341dcb4c3bdc2a105d9352e8cddb5011dbf5c7bfedb5930fb5bae2dedb6d5c02
  md5: 1ca600f8d1329496d8c21c904be007dc
  run_exports: {}
  size: 324199551
  timestamp: 1711452729415
- conda: https://conda.anaconda.org/nvidia/linux-64/libcudnn-9.14.0.64-hf94a4fa_0.conda
  sha256: a622291c1ce79128297d866c14f079fe749e6dcc4c2f87a2e46315023ad4c541
  md5: 1dd8712f6a1d843fc70592f828e454b2
  depends:
  - __glibc >=2.28,<3.0.a0
  - cuda-nvrtc
  - cuda-version >=12,<13.0a0
  - libcublas
  - libgcc-ng >=11.2.0
  - libstdcxx-ng >=11.2.0
  - libzlib >=1.3.1,<2.0a0
  constrains:
  - libcudnn-jit <0a
  license: LicenseRef-cuDNN-Software-License-Agreement
  run_exports: {}
  size: 448977237
  timestamp: 1759955063918
- conda: https://conda.anaconda.org/nvidia/linux-64/libcudnn-dev-9.14.0.64-h321a1a8_0.conda
  sha256: 94292e0116804a9fffa33bd02ebdbe8b9b0ca2a8c2a329e11eb3235119933aaa
  md5: 9006327e641a308d63117140ff0cb02c
  depends:
  - __glibc >=2.28,<3.0.a0
  - cuda-version >=12,<13.0a0
  - libcudnn 9.14.0.64 hf94a4fa_0
  - libgcc-ng >=11.2.0
  - libstdcxx-ng >=11.2.0
  constrains:
  - libcudnn-jit-dev <0a
  license: LicenseRef-cuDNN-Software-License-Agreement
  run_exports:
    weak:
    - libcudnn >=9.14.0.64,<10.0a0
  size: 38005
  timestamp: 1759955593618
- conda: https://conda.anaconda.org/nvidia/linux-64/nccl-2.30.7-he02bfcb_0.conda
  sha256: 6f4b13d4a7df20400a7628ba0b38a4b673f108eb9bfbbaac4333d71739d6cb3f
  md5: acd37d0c10821b5702de57b56b193d81
  depends:
  - __glibc >=2.28,<3.0.a0
  - cuda-version >=12,<13.0a0
  - libgcc >=14
  - libstdcxx >=14
  license: BSD-3-Clause
  license_family: BSD
  run_exports:
    weak:
    - nccl >=2.30.7,<3.0a0
  size: 197119644
  timestamp: 1781096747508
